// !$*UTF8*$!
{
	archiveVersion = 1;
	classes = {
	};
	objectVersion = 50;
	objects = {

/* Begin PBXBuildFile section */
		7F00DCEF20BE3A8F001A2C9E /* MeasureViewController.swift in Sources */ = {isa = PBXBuildFile; fileRef = 7F00DCEE20BE3A8F001A2C9E /* MeasureViewController.swift */; };
		7F00DCF420BE3AA4001A2C9E /* Assets.xcassets in Resources */ = {isa = PBXBuildFile; fileRef = 7F00DCF320BE3AA4001A2C9E /* Assets.xcassets */; };
		7F05756820F81D18008B3101 /* myAnnotation.swift in Sources */ = {isa = PBXBuildFile; fileRef = 7F05756720F81D17008B3101 /* myAnnotation.swift */; };
		7F23050720F58BAD00052AB2 /* CoreDataStack.swift in Sources */ = {isa = PBXBuildFile; fileRef = 7F23050620F58BAD00052AB2 /* CoreDataStack.swift */; };
		7F2583B420D2E2FC000BE1B6 /* CGImagePropertyOrientation+UIImageOrientation.swift in Sources */ = {isa = PBXBuildFile; fileRef = 7F2583B320D2E2FB000BE1B6 /* CGImagePropertyOrientation+UIImageOrientation.swift */; };
		7F4834A0214C0B99007C8927 /* SearchViewController.swift in Sources */ = {isa = PBXBuildFile; fileRef = 7F48349F214C0B99007C8927 /* SearchViewController.swift */; };
		7F4834A2214C0BA0007C8927 /* SearchResultCell.swift in Sources */ = {isa = PBXBuildFile; fileRef = 7F4834A1214C0BA0007C8927 /* SearchResultCell.swift */; };
		7F52FED021ADC5D0009090AC /* LaunchScreen.storyboard in Resources */ = {isa = PBXBuildFile; fileRef = 7F52FECE21ADC5D0009090AC /* LaunchScreen.storyboard */; };
		7F52FED321ADC5E0009090AC /* Main.storyboard in Resources */ = {isa = PBXBuildFile; fileRef = 7F52FED121ADC5DF009090AC /* Main.storyboard */; };
		7F52FEDB21B18067009090AC /* CatchesDataSource.swift in Sources */ = {isa = PBXBuildFile; fileRef = 7F52FEDA21B18067009090AC /* CatchesDataSource.swift */; };
		7F52FEDE21B18154009090AC /* PathAnnotation.swift in Sources */ = {isa = PBXBuildFile; fileRef = 7F52FEDD21B18154009090AC /* PathAnnotation.swift */; };
		7F6DCDC020F50819004D22C1 /* Fish_Ruler.xcdatamodeld in Sources */ = {isa = PBXBuildFile; fileRef = 7F6DCDBE20F50819004D22C1 /* Fish_Ruler.xcdatamodeld */; };
		7F70911C20C83A4B00265230 /* Line.swift in Sources */ = {isa = PBXBuildFile; fileRef = 7F70911B20C83A4B00265230 /* Line.swift */; };
		7F70912120C83B6200265230 /* SCNVector3.swift in Sources */ = {isa = PBXBuildFile; fileRef = 7F70912020C83B6200265230 /* SCNVector3.swift */; };
		7F70916B20CEDD5600265230 /* ImageDisplayViewController.swift in Sources */ = {isa = PBXBuildFile; fileRef = 7F70916A20CEDD4F00265230 /* ImageDisplayViewController.swift */; };
		7FA2BEA12165507B00EC4478 /* PullUpController.swift in Sources */ = {isa = PBXBuildFile; fileRef = 7FA2BEA02165507B00EC4478 /* PullUpController.swift */; };
		7FA2BEA22165516F00EC4478 /* MapViewController.swift in Sources */ = {isa = PBXBuildFile; fileRef = 7F6DCD4820E583FF004D22C1 /* MapViewController.swift */; };
		7FA8A18021762DD400A06F3D /* MenuTableViewCell.swift in Sources */ = {isa = PBXBuildFile; fileRef = 7FA8A17F21762DD400A06F3D /* MenuTableViewCell.swift */; };
		7FA8A1832176344100A06F3D /* MenuTableViewController.swift in Sources */ = {isa = PBXBuildFile; fileRef = 7FA8A1822176344100A06F3D /* MenuTableViewController.swift */; };
		7FA8A18D217F7DA800A06F3D /* FormatDisplay.swift in Sources */ = {isa = PBXBuildFile; fileRef = 7FA8A18C217F7DA800A06F3D /* FormatDisplay.swift */; };
		7FA8A18F217F805200A06F3D /* UnitExtensions.swift in Sources */ = {isa = PBXBuildFile; fileRef = 7FA8A18E217F805200A06F3D /* UnitExtensions.swift */; };
		7FB249F421BADE9F00DA589F /* PathResultsCell.swift in Sources */ = {isa = PBXBuildFile; fileRef = 7FB249F221BADE9F00DA589F /* PathResultsCell.swift */; };
		7FBBB306216538D100982715 /* ARSCNView.swift in Sources */ = {isa = PBXBuildFile; fileRef = 7FBBB305216538D100982715 /* ARSCNView.swift */; };
		7FC219CA2190E1F3004729F4 /* CatchDetailsViewController.swift in Sources */ = {isa = PBXBuildFile; fileRef = 7FC219C92190E1F2004729F4 /* CatchDetailsViewController.swift */; };
		7FC219CC2190E244004729F4 /* CatchAnnotation.swift in Sources */ = {isa = PBXBuildFile; fileRef = 7FC219CB2190E244004729F4 /* CatchAnnotation.swift */; };
		7FC219D02191F8DE004729F4 /* RunDetailsViewController.swift in Sources */ = {isa = PBXBuildFile; fileRef = 7FC219CF2191F8DE004729F4 /* RunDetailsViewController.swift */; };
		7FC219D22191FA23004729F4 /* MulticolorPolyline.swift in Sources */ = {isa = PBXBuildFile; fileRef = 7FC219D12191FA23004729F4 /* MulticolorPolyline.swift */; };
		7FCF397B2166CE97007163E2 /* ForecastIO.framework in Frameworks */ = {isa = PBXBuildFile; fileRef = 7FCF397A2166CE97007163E2 /* ForecastIO.framework */; };
		7FCF397D2166CE9C007163E2 /* NVActivityIndicatorView.framework in Frameworks */ = {isa = PBXBuildFile; fileRef = 7FCF397C2166CE9C007163E2 /* NVActivityIndicatorView.framework */; };
		7FCF397F2166CEA2007163E2 /* PullUpController.framework in Frameworks */ = {isa = PBXBuildFile; fileRef = 7FCF397E2166CEA2007163E2 /* PullUpController.framework */; };
		7FCF39812166FCAB007163E2 /* HomeViewController.swift in Sources */ = {isa = PBXBuildFile; fileRef = 7FCF39802166FCAB007163E2 /* HomeViewController.swift */; };
		7FCF39832167CB4B007163E2 /* CameraViewController.swift in Sources */ = {isa = PBXBuildFile; fileRef = 7FCF39822167CB4B007163E2 /* CameraViewController.swift */; };
		7FCF39852167CF46007163E2 /* ImagePreviewViewController.swift in Sources */ = {isa = PBXBuildFile; fileRef = 7FCF39842167CF46007163E2 /* ImagePreviewViewController.swift */; };
		7FDFA4E02110D45A00F831A2 /* AppDelegate.swift in Sources */ = {isa = PBXBuildFile; fileRef = 7FDFA4DF2110D45A00F831A2 /* AppDelegate.swift */; };
		D63F34634AF6DA967E3FF56C /* Pods_FishRuler.framework in Frameworks */ = {isa = PBXBuildFile; fileRef = 7CCDBA481F8C75AF92153C3F /* Pods_FishRuler.framework */; };
/* End PBXBuildFile section */

/* Begin PBXFileReference section */
		274AC0EDFD0BC3BD3DF1FC54 /* Pods-FishRuler.debug.xcconfig */ = {isa = PBXFileReference; includeInIndex = 1; lastKnownFileType = text.xcconfig; name = "Pods-FishRuler.debug.xcconfig"; path = "Pods/Target Support Files/Pods-FishRuler/Pods-FishRuler.debug.xcconfig"; sourceTree = "<group>"; };
		331D090C48D686ACB9E5878D /* Pods-FishRuler.release.xcconfig */ = {isa = PBXFileReference; includeInIndex = 1; lastKnownFileType = text.xcconfig; name = "Pods-FishRuler.release.xcconfig"; path = "Pods/Target Support Files/Pods-FishRuler/Pods-FishRuler.release.xcconfig"; sourceTree = "<group>"; };
		7CCDBA481F8C75AF92153C3F /* Pods_FishRuler.framework */ = {isa = PBXFileReference; explicitFileType = wrapper.framework; includeInIndex = 0; path = Pods_FishRuler.framework; sourceTree = BUILT_PRODUCTS_DIR; };
		7F00DCE920BE3A8F001A2C9E /* FishRuler.app */ = {isa = PBXFileReference; explicitFileType = wrapper.application; includeInIndex = 0; path = FishRuler.app; sourceTree = BUILT_PRODUCTS_DIR; };
		7F00DCEE20BE3A8F001A2C9E /* MeasureViewController.swift */ = {isa = PBXFileReference; lastKnownFileType = sourcecode.swift; name = MeasureViewController.swift; path = ../FishRluer/MeasureViewController.swift; sourceTree = "<group>"; };
		7F00DCF320BE3AA4001A2C9E /* Assets.xcassets */ = {isa = PBXFileReference; lastKnownFileType = folder.assetcatalog; name = Assets.xcassets; path = ../FishRluer/Assets.xcassets; sourceTree = "<group>"; };
		7F05756720F81D17008B3101 /* myAnnotation.swift */ = {isa = PBXFileReference; lastKnownFileType = sourcecode.swift; path = myAnnotation.swift; sourceTree = "<group>"; };
		7F23050620F58BAD00052AB2 /* CoreDataStack.swift */ = {isa = PBXFileReference; lastKnownFileType = sourcecode.swift; path = CoreDataStack.swift; sourceTree = "<group>"; };
		7F2583B320D2E2FB000BE1B6 /* CGImagePropertyOrientation+UIImageOrientation.swift */ = {isa = PBXFileReference; fileEncoding = 4; lastKnownFileType = sourcecode.swift; name = "CGImagePropertyOrientation+UIImageOrientation.swift"; path = "../../FishRluer/New Group/CGImagePropertyOrientation+UIImageOrientation.swift"; sourceTree = "<group>"; };
		7F48349F214C0B99007C8927 /* SearchViewController.swift */ = {isa = PBXFileReference; fileEncoding = 4; lastKnownFileType = sourcecode.swift; name = SearchViewController.swift; path = ../../FishRluer/MapSearch/SearchViewController.swift; sourceTree = "<group>"; };
		7F4834A1214C0BA0007C8927 /* SearchResultCell.swift */ = {isa = PBXFileReference; fileEncoding = 4; lastKnownFileType = sourcecode.swift; name = SearchResultCell.swift; path = ../../FishRluer/MapSearch/SearchResultCell.swift; sourceTree = "<group>"; };
		7F52FECF21ADC5D0009090AC /* Base */ = {isa = PBXFileReference; lastKnownFileType = file.storyboard; name = Base; path = FishRluer/Base.lproj/LaunchScreen.storyboard; sourceTree = SOURCE_ROOT; };
		7F52FED221ADC5DF009090AC /* Base */ = {isa = PBXFileReference; lastKnownFileType = file.storyboard; name = Base; path = FishRluer/Base.lproj/Main.storyboard; sourceTree = "<group>"; };
		7F52FED621ADC8CF009090AC /* Info.plist */ = {isa = PBXFileReference; fileEncoding = 4; lastKnownFileType = text.plist.xml; name = Info.plist; path = FishRluer/Info.plist; sourceTree = SOURCE_ROOT; };
		7F52FEDA21B18067009090AC /* CatchesDataSource.swift */ = {isa = PBXFileReference; fileEncoding = 4; lastKnownFileType = sourcecode.swift; name = CatchesDataSource.swift; path = FishRuler/DataSource/CatchesDataSource.swift; sourceTree = SOURCE_ROOT; };
		7F52FEDD21B18154009090AC /* PathAnnotation.swift */ = {isa = PBXFileReference; lastKnownFileType = sourcecode.swift; path = PathAnnotation.swift; sourceTree = "<group>"; };
		7F6DCD4820E583FF004D22C1 /* MapViewController.swift */ = {isa = PBXFileReference; lastKnownFileType = sourcecode.swift; name = MapViewController.swift; path = ../FishRluer/MapViewController.swift; sourceTree = "<group>"; };
		7F6DCDBF20F50819004D22C1 /* Fish_Ruler.xcdatamodel */ = {isa = PBXFileReference; lastKnownFileType = wrapper.xcdatamodel; path = Fish_Ruler.xcdatamodel; sourceTree = "<group>"; };
		7F70911B20C83A4B00265230 /* Line.swift */ = {isa = PBXFileReference; lastKnownFileType = sourcecode.swift; name = Line.swift; path = "../../FishRluer/New Group/Line.swift"; sourceTree = "<group>"; };
		7F70912020C83B6200265230 /* SCNVector3.swift */ = {isa = PBXFileReference; lastKnownFileType = sourcecode.swift; name = SCNVector3.swift; path = "../../FishRluer/New Group/SCNVector3.swift"; sourceTree = "<group>"; };
		7F70916A20CEDD4F00265230 /* ImageDisplayViewController.swift */ = {isa = PBXFileReference; fileEncoding = 4; lastKnownFileType = sourcecode.swift; name = ImageDisplayViewController.swift; path = ../FishRluer/ImageDisplayViewController.swift; sourceTree = "<group>"; };
		7FA2BEA02165507B00EC4478 /* PullUpController.swift */ = {isa = PBXFileReference; fileEncoding = 4; lastKnownFileType = sourcecode.swift; name = PullUpController.swift; path = "../../FishRluer/New Group/PullUpController.swift"; sourceTree = "<group>"; };
		7FA8A17F21762DD400A06F3D /* MenuTableViewCell.swift */ = {isa = PBXFileReference; lastKnownFileType = sourcecode.swift; path = MenuTableViewCell.swift; sourceTree = "<group>"; };
		7FA8A1822176344100A06F3D /* MenuTableViewController.swift */ = {isa = PBXFileReference; lastKnownFileType = sourcecode.swift; path = MenuTableViewController.swift; sourceTree = "<group>"; };
		7FA8A18C217F7DA800A06F3D /* FormatDisplay.swift */ = {isa = PBXFileReference; fileEncoding = 4; lastKnownFileType = sourcecode.swift; name = FormatDisplay.swift; path = "../../FishRluer/New Group/FormatDisplay.swift"; sourceTree = "<group>"; };
		7FA8A18E217F805200A06F3D /* UnitExtensions.swift */ = {isa = PBXFileReference; fileEncoding = 4; lastKnownFileType = sourcecode.swift; name = UnitExtensions.swift; path = "../../FishRluer/New Group/UnitExtensions.swift"; sourceTree = "<group>"; };
		7FB249F221BADE9F00DA589F /* PathResultsCell.swift */ = {isa = PBXFileReference; lastKnownFileType = sourcecode.swift; path = PathResultsCell.swift; sourceTree = "<group>"; };
		7FBBB305216538D100982715 /* ARSCNView.swift */ = {isa = PBXFileReference; fileEncoding = 4; lastKnownFileType = sourcecode.swift; name = ARSCNView.swift; path = "../../FishRluer/New Group/ARSCNView.swift"; sourceTree = "<group>"; };
		7FC219C92190E1F2004729F4 /* CatchDetailsViewController.swift */ = {isa = PBXFileReference; fileEncoding = 4; lastKnownFileType = sourcecode.swift; name = CatchDetailsViewController.swift; path = ../FishRluer/CatchDetailsViewController.swift; sourceTree = "<group>"; };
		7FC219CB2190E244004729F4 /* CatchAnnotation.swift */ = {isa = PBXFileReference; fileEncoding = 4; lastKnownFileType = sourcecode.swift; name = CatchAnnotation.swift; path = "FishRluer/New Group/CatchAnnotation.swift"; sourceTree = SOURCE_ROOT; };
		7FC219CF2191F8DE004729F4 /* RunDetailsViewController.swift */ = {isa = PBXFileReference; lastKnownFileType = sourcecode.swift; path = RunDetailsViewController.swift; sourceTree = "<group>"; };
		7FC219D12191FA23004729F4 /* MulticolorPolyline.swift */ = {isa = PBXFileReference; lastKnownFileType = sourcecode.swift; path = MulticolorPolyline.swift; sourceTree = "<group>"; };
		7FCF397A2166CE97007163E2 /* ForecastIO.framework */ = {isa = PBXFileReference; explicitFileType = wrapper.framework; path = ForecastIO.framework; sourceTree = BUILT_PRODUCTS_DIR; };
		7FCF397C2166CE9C007163E2 /* NVActivityIndicatorView.framework */ = {isa = PBXFileReference; explicitFileType = wrapper.framework; path = NVActivityIndicatorView.framework; sourceTree = BUILT_PRODUCTS_DIR; };
		7FCF397E2166CEA2007163E2 /* PullUpController.framework */ = {isa = PBXFileReference; explicitFileType = wrapper.framework; path = PullUpController.framework; sourceTree = BUILT_PRODUCTS_DIR; };
		7FCF39802166FCAB007163E2 /* HomeViewController.swift */ = {isa = PBXFileReference; lastKnownFileType = sourcecode.swift; name = HomeViewController.swift; path = ../FishRluer/HomeViewController.swift; sourceTree = "<group>"; };
		7FCF39822167CB4B007163E2 /* CameraViewController.swift */ = {isa = PBXFileReference; lastKnownFileType = sourcecode.swift; path = CameraViewController.swift; sourceTree = "<group>"; };
		7FCF39842167CF46007163E2 /* ImagePreviewViewController.swift */ = {isa = PBXFileReference; lastKnownFileType = sourcecode.swift; path = ImagePreviewViewController.swift; sourceTree = "<group>"; };
		7FDFA4DF2110D45A00F831A2 /* AppDelegate.swift */ = {isa = PBXFileReference; fileEncoding = 4; lastKnownFileType = sourcecode.swift; name = AppDelegate.swift; path = ../FishRluer/AppDelegate.swift; sourceTree = "<group>"; };
/* End PBXFileReference section */

/* Begin PBXFrameworksBuildPhase section */
		7F00DCE620BE3A8F001A2C9E /* Frameworks */ = {
			isa = PBXFrameworksBuildPhase;
			buildActionMask = 2147483647;
			files = (
				7FCF397F2166CEA2007163E2 /* PullUpController.framework in Frameworks */,
				7FCF397D2166CE9C007163E2 /* NVActivityIndicatorView.framework in Frameworks */,
				7FCF397B2166CE97007163E2 /* ForecastIO.framework in Frameworks */,
				D63F34634AF6DA967E3FF56C /* Pods_FishRuler.framework in Frameworks */,
			);
			runOnlyForDeploymentPostprocessing = 0;
		};
/* End PBXFrameworksBuildPhase section */

/* Begin PBXGroup section */
		1250A786CE4B880C286226D7 /* Frameworks */ = {
			isa = PBXGroup;
			children = (
				7FCF397E2166CEA2007163E2 /* PullUpController.framework */,
				7FCF397C2166CE9C007163E2 /* NVActivityIndicatorView.framework */,
				7FCF397A2166CE97007163E2 /* ForecastIO.framework */,
				7CCDBA481F8C75AF92153C3F /* Pods_FishRuler.framework */,
			);
			name = Frameworks;
			sourceTree = "<group>";
		};
		6E3AEDFF33E3E7E839292A0C /* Pods */ = {
			isa = PBXGroup;
			children = (
				274AC0EDFD0BC3BD3DF1FC54 /* Pods-FishRuler.debug.xcconfig */,
				331D090C48D686ACB9E5878D /* Pods-FishRuler.release.xcconfig */,
			);
			name = Pods;
			sourceTree = "<group>";
		};
		7F00DCE020BE3A8E001A2C9E = {
			isa = PBXGroup;
			children = (
				7F00DCEB20BE3A8F001A2C9E /* FishRuler */,
				7F00DCEA20BE3A8F001A2C9E /* Products */,
				6E3AEDFF33E3E7E839292A0C /* Pods */,
				1250A786CE4B880C286226D7 /* Frameworks */,
			);
			sourceTree = "<group>";
		};
		7F00DCEA20BE3A8F001A2C9E /* Products */ = {
			isa = PBXGroup;
			children = (
				7F00DCE920BE3A8F001A2C9E /* FishRuler.app */,
			);
			name = Products;
			sourceTree = "<group>";
		};
		7F00DCEB20BE3A8F001A2C9E /* FishRuler */ = {
			isa = PBXGroup;
			children = (
				7F52FED621ADC8CF009090AC /* Info.plist */,
				7F52FED121ADC5DF009090AC /* Main.storyboard */,
				7F52FECE21ADC5D0009090AC /* LaunchScreen.storyboard */,
				7FC219CF2191F8DE004729F4 /* RunDetailsViewController.swift */,
				7F00DCEE20BE3A8F001A2C9E /* MeasureViewController.swift */,
				7F70916A20CEDD4F00265230 /* ImageDisplayViewController.swift */,
				7F6DCD4820E583FF004D22C1 /* MapViewController.swift */,
				7FDFA4DF2110D45A00F831A2 /* AppDelegate.swift */,
				7FC219C92190E1F2004729F4 /* CatchDetailsViewController.swift */,
				7FCF39802166FCAB007163E2 /* HomeViewController.swift */,
				7F4834712136E4B9007C8927 /* Annotations */,
				7F52FEDC21B1808C009090AC /* DataSource */,
				7F4834702136E465007C8927 /* CoreData */,
				7FA8A18121762E5700A06F3D /* Menu */,
				7F70911D20C83A5E00265230 /* Support */,
				7FCF39862167CF59007163E2 /* Camera */,
				7F48349E214C06AE007C8927 /* MapSearch */,
				7F00DCF320BE3AA4001A2C9E /* Assets.xcassets */,
			);
			path = FishRuler;
			sourceTree = "<group>";
		};
		7F4834702136E465007C8927 /* CoreData */ = {
			isa = PBXGroup;
			children = (
				7F6DCDBE20F50819004D22C1 /* Fish_Ruler.xcdatamodeld */,
				7F23050620F58BAD00052AB2 /* CoreDataStack.swift */,
			);
			name = CoreData;
			path = ..;
			sourceTree = "<group>";
		};
		7F4834712136E4B9007C8927 /* Annotations */ = {
			isa = PBXGroup;
			children = (
				7FC219CB2190E244004729F4 /* CatchAnnotation.swift */,
				7F52FEDD21B18154009090AC /* PathAnnotation.swift */,
				7F05756720F81D17008B3101 /* myAnnotation.swift */,
			);
			name = Annotations;
			path = ../FishRluer/Annotations;
			sourceTree = "<group>";
		};
		7F48349E214C06AE007C8927 /* MapSearch */ = {
			isa = PBXGroup;
			children = (
				7F48349F214C0B99007C8927 /* SearchViewController.swift */,
				7FB249F221BADE9F00DA589F /* PathResultsCell.swift */,
				7F4834A1214C0BA0007C8927 /* SearchResultCell.swift */,
			);
			path = MapSearch;
			sourceTree = "<group>";
		};
		7F52FEDC21B1808C009090AC /* DataSource */ = {
			isa = PBXGroup;
			children = (
				7F52FEDA21B18067009090AC /* CatchesDataSource.swift */,
			);
			path = DataSource;
			sourceTree = "<group>";
		};
		7F70911D20C83A5E00265230 /* Support */ = {
			isa = PBXGroup;
			children = (
				7FC219D12191FA23004729F4 /* MulticolorPolyline.swift */,
				7FA8A18E217F805200A06F3D /* UnitExtensions.swift */,
				7FA8A18C217F7DA800A06F3D /* FormatDisplay.swift */,
				7F70911B20C83A4B00265230 /* Line.swift */,
				7FBBB305216538D100982715 /* ARSCNView.swift */,
				7F70912020C83B6200265230 /* SCNVector3.swift */,
				7F2583B320D2E2FB000BE1B6 /* CGImagePropertyOrientation+UIImageOrientation.swift */,
				7FA2BEA02165507B00EC4478 /* PullUpController.swift */,
			);
			name = Support;
			path = "New Group";
			sourceTree = "<group>";
		};
		7FA8A18121762E5700A06F3D /* Menu */ = {
			isa = PBXGroup;
			children = (
				7FA8A17F21762DD400A06F3D /* MenuTableViewCell.swift */,
				7FA8A1822176344100A06F3D /* MenuTableViewController.swift */,
			);
			name = Menu;
			path = ../FishRluer/Menu;
			sourceTree = "<group>";
		};
		7FCF39862167CF59007163E2 /* Camera */ = {
			isa = PBXGroup;
			children = (
				7FCF39822167CB4B007163E2 /* CameraViewController.swift */,
				7FCF39842167CF46007163E2 /* ImagePreviewViewController.swift */,
			);
			name = Camera;
			path = ../FishRluer/Camera;
			sourceTree = "<group>";
		};
/* End PBXGroup section */

/* Begin PBXNativeTarget section */
		7F00DCE820BE3A8F001A2C9E /* FishRuler */ = {
			isa = PBXNativeTarget;
			buildConfigurationList = 7F00DCFB20BE3AA4001A2C9E /* Build configuration list for PBXNativeTarget "FishRuler" */;
			buildPhases = (
				B4A40601F61A12AF7757480F /* [CP] Check Pods Manifest.lock */,
				7F00DCE520BE3A8F001A2C9E /* Sources */,
				7F00DCE620BE3A8F001A2C9E /* Frameworks */,
				7F00DCE720BE3A8F001A2C9E /* Resources */,
				4D92146EBB9F4F4AF95BC6C7 /* [CP] Embed Pods Frameworks */,
				DF313FA55D3BB348BC76C49A /* [CP] Copy Pods Resources */,
			);
			buildRules = (
			);
			dependencies = (
			);
			name = FishRuler;
			productName = FishRluer;
			productReference = 7F00DCE920BE3A8F001A2C9E /* FishRuler.app */;
			productType = "com.apple.product-type.application";
		};
/* End PBXNativeTarget section */

/* Begin PBXProject section */
		7F00DCE120BE3A8E001A2C9E /* Project object */ = {
			isa = PBXProject;
			attributes = {
				LastSwiftUpdateCheck = 0930;
				LastUpgradeCheck = 0930;
				ORGANIZATIONNAME = campeez;
				TargetAttributes = {
					7F00DCE820BE3A8F001A2C9E = {
						CreatedOnToolsVersion = 9.3;
						LastSwiftMigration = 1000;
						SystemCapabilities = {
							com.apple.BackgroundModes = {
								enabled = 1;
							};
						};
					};
				};
			};
			buildConfigurationList = 7F00DCE420BE3A8E001A2C9E /* Build configuration list for PBXProject "FishRuler" */;
			compatibilityVersion = "Xcode 9.3";
			developmentRegion = en;
			hasScannedForEncodings = 0;
			knownRegions = (
				en,
				Base,
			);
			mainGroup = 7F00DCE020BE3A8E001A2C9E;
			productRefGroup = 7F00DCEA20BE3A8F001A2C9E /* Products */;
			projectDirPath = "";
			projectRoot = "";
			targets = (
				7F00DCE820BE3A8F001A2C9E /* FishRuler */,
			);
		};
/* End PBXProject section */

/* Begin PBXResourcesBuildPhase section */
		7F00DCE720BE3A8F001A2C9E /* Resources */ = {
			isa = PBXResourcesBuildPhase;
			buildActionMask = 2147483647;
			files = (
				7F52FED321ADC5E0009090AC /* Main.storyboard in Resources */,
				7F00DCF420BE3AA4001A2C9E /* Assets.xcassets in Resources */,
				7F52FED021ADC5D0009090AC /* LaunchScreen.storyboard in Resources */,
			);
			runOnlyForDeploymentPostprocessing = 0;
		};
/* End PBXResourcesBuildPhase section */

/* Begin PBXShellScriptBuildPhase section */
		4D92146EBB9F4F4AF95BC6C7 /* [CP] Embed Pods Frameworks */ = {
			isa = PBXShellScriptBuildPhase;
			buildActionMask = 2147483647;
			files = (
			);
			inputPaths = (
				"${SRCROOT}/Pods/Target Support Files/Pods-FishRuler/Pods-FishRuler-frameworks.sh",
				"${BUILT_PRODUCTS_DIR}/CameraManager/CameraManager.framework",
				"${BUILT_PRODUCTS_DIR}/ForecastIO/ForecastIO.framework",
				"${BUILT_PRODUCTS_DIR}/NVActivityIndicatorView/NVActivityIndicatorView.framework",
				"${BUILT_PRODUCTS_DIR}/PullUpController/PullUpController.framework",
				"${BUILT_PRODUCTS_DIR}/SideMenu/SideMenu.framework",
			);
			name = "[CP] Embed Pods Frameworks";
			outputPaths = (
				"${TARGET_BUILD_DIR}/${FRAMEWORKS_FOLDER_PATH}/CameraManager.framework",
				"${TARGET_BUILD_DIR}/${FRAMEWORKS_FOLDER_PATH}/ForecastIO.framework",
				"${TARGET_BUILD_DIR}/${FRAMEWORKS_FOLDER_PATH}/NVActivityIndicatorView.framework",
				"${TARGET_BUILD_DIR}/${FRAMEWORKS_FOLDER_PATH}/PullUpController.framework",
				"${TARGET_BUILD_DIR}/${FRAMEWORKS_FOLDER_PATH}/SideMenu.framework",
			);
			runOnlyForDeploymentPostprocessing = 0;
			shellPath = /bin/sh;
			shellScript = "\"${SRCROOT}/Pods/Target Support Files/Pods-FishRuler/Pods-FishRuler-frameworks.sh\"\n";
			showEnvVarsInLog = 0;
		};
		B4A40601F61A12AF7757480F /* [CP] Check Pods Manifest.lock */ = {
			isa = PBXShellScriptBuildPhase;
			buildActionMask = 2147483647;
			files = (
			);
			inputPaths = (
				"${PODS_PODFILE_DIR_PATH}/Podfile.lock",
				"${PODS_ROOT}/Manifest.lock",
			);
			name = "[CP] Check Pods Manifest.lock";
			outputPaths = (
				"$(DERIVED_FILE_DIR)/Pods-FishRuler-checkManifestLockResult.txt",
			);
			runOnlyForDeploymentPostprocessing = 0;
			shellPath = /bin/sh;
			shellScript = "diff \"${PODS_PODFILE_DIR_PATH}/Podfile.lock\" \"${PODS_ROOT}/Manifest.lock\" > /dev/null\nif [ $? != 0 ] ; then\n    # print error to STDERR\n    echo \"error: The sandbox is not in sync with the Podfile.lock. Run 'pod install' or update your CocoaPods installation.\" >&2\n    exit 1\nfi\n# This output is used by Xcode 'outputs' to avoid re-running this script phase.\necho \"SUCCESS\" > \"${SCRIPT_OUTPUT_FILE_0}\"\n";
			showEnvVarsInLog = 0;
		};
		DF313FA55D3BB348BC76C49A /* [CP] Copy Pods Resources */ = {
			isa = PBXShellScriptBuildPhase;
			buildActionMask = 2147483647;
			files = (
			);
			inputPaths = (
				"${SRCROOT}/Pods/Target Support Files/Pods-FishRuler/Pods-FishRuler-resources.sh",
				"${PODS_ROOT}/GoogleMaps/Maps/Frameworks/GoogleMaps.framework/Resources/GoogleMaps.bundle",
				"${PODS_ROOT}/GooglePlaces/Frameworks/GooglePlaces.framework/Resources/GooglePlaces.bundle",
			);
			name = "[CP] Copy Pods Resources";
			outputPaths = (
				"${TARGET_BUILD_DIR}/${UNLOCALIZED_RESOURCES_FOLDER_PATH}/GoogleMaps.bundle",
				"${TARGET_BUILD_DIR}/${UNLOCALIZED_RESOURCES_FOLDER_PATH}/GooglePlaces.bundle",
			);
			runOnlyForDeploymentPostprocessing = 0;
			shellPath = /bin/sh;
			shellScript = "\"${SRCROOT}/Pods/Target Support Files/Pods-FishRuler/Pods-FishRuler-resources.sh\"\n";
			showEnvVarsInLog = 0;
		};
/* End PBXShellScriptBuildPhase section */

/* Begin PBXSourcesBuildPhase section */
		7F00DCE520BE3A8F001A2C9E /* Sources */ = {
			isa = PBXSourcesBuildPhase;
			buildActionMask = 2147483647;
			files = (
				7F70916B20CEDD5600265230 /* ImageDisplayViewController.swift in Sources */,
				7FA8A1832176344100A06F3D /* MenuTableViewController.swift in Sources */,
				7F4834A0214C0B99007C8927 /* SearchViewController.swift in Sources */,
				7FC219D02191F8DE004729F4 /* RunDetailsViewController.swift in Sources */,
				7F52FEDB21B18067009090AC /* CatchesDataSource.swift in Sources */,
				7F05756820F81D18008B3101 /* myAnnotation.swift in Sources */,
				7FBBB306216538D100982715 /* ARSCNView.swift in Sources */,
				7FA8A18021762DD400A06F3D /* MenuTableViewCell.swift in Sources */,
				7F00DCEF20BE3A8F001A2C9E /* MeasureViewController.swift in Sources */,
				7FA8A18D217F7DA800A06F3D /* FormatDisplay.swift in Sources */,
				7F6DCDC020F50819004D22C1 /* Fish_Ruler.xcdatamodeld in Sources */,
				7F52FEDE21B18154009090AC /* PathAnnotation.swift in Sources */,
				7FA2BEA22165516F00EC4478 /* MapViewController.swift in Sources */,
				7F70912120C83B6200265230 /* SCNVector3.swift in Sources */,
				7FA2BEA12165507B00EC4478 /* PullUpController.swift in Sources */,
				7FB249F421BADE9F00DA589F /* PathResultsCell.swift in Sources */,
				7FCF39832167CB4B007163E2 /* CameraViewController.swift in Sources */,
				7FDFA4E02110D45A00F831A2 /* AppDelegate.swift in Sources */,
				7FC219CA2190E1F3004729F4 /* CatchDetailsViewController.swift in Sources */,
				7FC219D22191FA23004729F4 /* MulticolorPolyline.swift in Sources */,
				7F23050720F58BAD00052AB2 /* CoreDataStack.swift in Sources */,
				7FCF39812166FCAB007163E2 /* HomeViewController.swift in Sources */,
				7F2583B420D2E2FC000BE1B6 /* CGImagePropertyOrientation+UIImageOrientation.swift in Sources */,
				7FA8A18F217F805200A06F3D /* UnitExtensions.swift in Sources */,
				7F4834A2214C0BA0007C8927 /* SearchResultCell.swift in Sources */,
				7FCF39852167CF46007163E2 /* ImagePreviewViewController.swift in Sources */,
				7FC219CC2190E244004729F4 /* CatchAnnotation.swift in Sources */,
				7F70911C20C83A4B00265230 /* Line.swift in Sources */,
			);
			runOnlyForDeploymentPostprocessing = 0;
		};
/* End PBXSourcesBuildPhase section */

/* Begin PBXVariantGroup section */
		7F52FECE21ADC5D0009090AC /* LaunchScreen.storyboard */ = {
			isa = PBXVariantGroup;
			children = (
				7F52FECF21ADC5D0009090AC /* Base */,
			);
			name = LaunchScreen.storyboard;
			sourceTree = "<group>";
		};
		7F52FED121ADC5DF009090AC /* Main.storyboard */ = {
			isa = PBXVariantGroup;
			children = (
				7F52FED221ADC5DF009090AC /* Base */,
			);
			name = Main.storyboard;
			sourceTree = "<group>";
		};
/* End PBXVariantGroup section */

/* Begin XCBuildConfiguration section */
		7F00DCF920BE3AA4001A2C9E /* Debug */ = {
			isa = XCBuildConfiguration;
			buildSettings = {
				ALWAYS_SEARCH_USER_PATHS = NO;
				CLANG_ANALYZER_NONNULL = YES;
				CLANG_ANALYZER_NUMBER_OBJECT_CONVERSION = YES_AGGRESSIVE;
				CLANG_CXX_LANGUAGE_STANDARD = "gnu++14";
				CLANG_CXX_LIBRARY = "libc++";
				CLANG_ENABLE_MODULES = YES;
				CLANG_ENABLE_OBJC_ARC = YES;
				CLANG_ENABLE_OBJC_WEAK = YES;
				CLANG_WARN_BLOCK_CAPTURE_AUTORELEASING = YES;
				CLANG_WARN_BOOL_CONVERSION = YES;
				CLANG_WARN_COMMA = YES;
				CLANG_WARN_CONSTANT_CONVERSION = YES;
				CLANG_WARN_DEPRECATED_OBJC_IMPLEMENTATIONS = YES;
				CLANG_WARN_DIRECT_OBJC_ISA_USAGE = YES_ERROR;
				CLANG_WARN_DOCUMENTATION_COMMENTS = YES;
				CLANG_WARN_EMPTY_BODY = YES;
				CLANG_WARN_ENUM_CONVERSION = YES;
				CLANG_WARN_INFINITE_RECURSION = YES;
				CLANG_WARN_INT_CONVERSION = YES;
				CLANG_WARN_NON_LITERAL_NULL_CONVERSION = YES;
				CLANG_WARN_OBJC_IMPLICIT_RETAIN_SELF = YES;
				CLANG_WARN_OBJC_LITERAL_CONVERSION = YES;
				CLANG_WARN_OBJC_ROOT_CLASS = YES_ERROR;
				CLANG_WARN_RANGE_LOOP_ANALYSIS = YES;
				CLANG_WARN_STRICT_PROTOTYPES = YES;
				CLANG_WARN_SUSPICIOUS_MOVE = YES;
				CLANG_WARN_UNGUARDED_AVAILABILITY = YES_AGGRESSIVE;
				CLANG_WARN_UNREACHABLE_CODE = YES;
				CLANG_WARN__DUPLICATE_METHOD_MATCH = YES;
				CODE_SIGN_IDENTITY = "iPhone Developer";
				COPY_PHASE_STRIP = NO;
				DEBUG_INFORMATION_FORMAT = dwarf;
				ENABLE_STRICT_OBJC_MSGSEND = YES;
				ENABLE_TESTABILITY = YES;
				GCC_C_LANGUAGE_STANDARD = gnu11;
				GCC_DYNAMIC_NO_PIC = NO;
				GCC_NO_COMMON_BLOCKS = YES;
				GCC_OPTIMIZATION_LEVEL = 0;
				GCC_PREPROCESSOR_DEFINITIONS = (
					"DEBUG=1",
					"$(inherited)",
				);
				GCC_WARN_64_TO_32_BIT_CONVERSION = YES;
				GCC_WARN_ABOUT_RETURN_TYPE = YES_ERROR;
				GCC_WARN_UNDECLARED_SELECTOR = YES;
				GCC_WARN_UNINITIALIZED_AUTOS = YES_AGGRESSIVE;
				GCC_WARN_UNUSED_FUNCTION = YES;
				GCC_WARN_UNUSED_VARIABLE = YES;
				IPHONEOS_DEPLOYMENT_TARGET = 11.3;
				MTL_ENABLE_DEBUG_INFO = YES;
				ONLY_ACTIVE_ARCH = YES;
				SDKROOT = iphoneos;
				SWIFT_ACTIVE_COMPILATION_CONDITIONS = DEBUG;
				SWIFT_OPTIMIZATION_LEVEL = "-Onone";
			};
			name = Debug;
		};
		7F00DCFA20BE3AA4001A2C9E /* Release */ = {
			isa = XCBuildConfiguration;
			buildSettings = {
				ALWAYS_SEARCH_USER_PATHS = NO;
				CLANG_ANALYZER_NONNULL = YES;
				CLANG_ANALYZER_NUMBER_OBJECT_CONVERSION = YES_AGGRESSIVE;
				CLANG_CXX_LANGUAGE_STANDARD = "gnu++14";
				CLANG_CXX_LIBRARY = "libc++";
				CLANG_ENABLE_MODULES = YES;
				CLANG_ENABLE_OBJC_ARC = YES;
				CLANG_ENABLE_OBJC_WEAK = YES;
				CLANG_WARN_BLOCK_CAPTURE_AUTORELEASING = YES;
				CLANG_WARN_BOOL_CONVERSION = YES;
				CLANG_WARN_COMMA = YES;
				CLANG_WARN_CONSTANT_CONVERSION = YES;
				CLANG_WARN_DEPRECATED_OBJC_IMPLEMENTATIONS = YES;
				CLANG_WARN_DIRECT_OBJC_ISA_USAGE = YES_ERROR;
				CLANG_WARN_DOCUMENTATION_COMMENTS = YES;
				CLANG_WARN_EMPTY_BODY = YES;
				CLANG_WARN_ENUM_CONVERSION = YES;
				CLANG_WARN_INFINITE_RECURSION = YES;
				CLANG_WARN_INT_CONVERSION = YES;
				CLANG_WARN_NON_LITERAL_NULL_CONVERSION = YES;
				CLANG_WARN_OBJC_IMPLICIT_RETAIN_SELF = YES;
				CLANG_WARN_OBJC_LITERAL_CONVERSION = YES;
				CLANG_WARN_OBJC_ROOT_CLASS = YES_ERROR;
				CLANG_WARN_RANGE_LOOP_ANALYSIS = YES;
				CLANG_WARN_STRICT_PROTOTYPES = YES;
				CLANG_WARN_SUSPICIOUS_MOVE = YES;
				CLANG_WARN_UNGUARDED_AVAILABILITY = YES_AGGRESSIVE;
				CLANG_WARN_UNREACHABLE_CODE = YES;
				CLANG_WARN__DUPLICATE_METHOD_MATCH = YES;
				CODE_SIGN_IDENTITY = "iPhone Developer";
				COPY_PHASE_STRIP = NO;
				DEBUG_INFORMATION_FORMAT = "dwarf-with-dsym";
				ENABLE_NS_ASSERTIONS = NO;
				ENABLE_STRICT_OBJC_MSGSEND = YES;
				GCC_C_LANGUAGE_STANDARD = gnu11;
				GCC_NO_COMMON_BLOCKS = YES;
				GCC_WARN_64_TO_32_BIT_CONVERSION = YES;
				GCC_WARN_ABOUT_RETURN_TYPE = YES_ERROR;
				GCC_WARN_UNDECLARED_SELECTOR = YES;
				GCC_WARN_UNINITIALIZED_AUTOS = YES_AGGRESSIVE;
				GCC_WARN_UNUSED_FUNCTION = YES;
				GCC_WARN_UNUSED_VARIABLE = YES;
				IPHONEOS_DEPLOYMENT_TARGET = 11.3;
				MTL_ENABLE_DEBUG_INFO = NO;
				SDKROOT = iphoneos;
				SWIFT_COMPILATION_MODE = wholemodule;
				SWIFT_OPTIMIZATION_LEVEL = "-O";
				VALIDATE_PRODUCT = YES;
			};
			name = Release;
		};
		7F00DCFC20BE3AA4001A2C9E /* Debug */ = {
			isa = XCBuildConfiguration;
			baseConfigurationReference = 274AC0EDFD0BC3BD3DF1FC54 /* Pods-FishRuler.debug.xcconfig */;
			buildSettings = {
				ASSETCATALOG_COMPILER_APPICON_NAME = AppIcon;
				CODE_SIGN_STYLE = Automatic;
				DEVELOPMENT_TEAM = JUHAJ83NNF;
				FRAMEWORK_SEARCH_PATHS = (
					"$(inherited)",
					"$(PROJECT_DIR)",
				);
				INFOPLIST_FILE = "$(SRCROOT)/FishRluer/Info.plist";
				LD_RUNPATH_SEARCH_PATHS = "$(inherited) @executable_path/Frameworks";
				PRODUCT_BUNDLE_IDENTIFIER = com.Campeez.FishRuler;
				PRODUCT_NAME = "$(TARGET_NAME)";
				SWIFT_VERSION = 4.2;
				TARGETED_DEVICE_FAMILY = "1,2";
			};
			name = Debug;
		};
		7F00DCFD20BE3AA4001A2C9E /* Release */ = {
			isa = XCBuildConfiguration;
			baseConfigurationReference = 331D090C48D686ACB9E5878D /* Pods-FishRuler.release.xcconfig */;
			buildSettings = {
				ASSETCATALOG_COMPILER_APPICON_NAME = AppIcon;
				CODE_SIGN_STYLE = Automatic;
				DEVELOPMENT_TEAM = JUHAJ83NNF;
				FRAMEWORK_SEARCH_PATHS = (
					"$(inherited)",
					"$(PROJECT_DIR)",
				);
				INFOPLIST_FILE = "$(SRCROOT)/FishRluer/Info.plist";
				LD_RUNPATH_SEARCH_PATHS = "$(inherited) @executable_path/Frameworks";
				PRODUCT_BUNDLE_IDENTIFIER = com.Campeez.FishRuler;
				PRODUCT_NAME = "$(TARGET_NAME)";
				SWIFT_VERSION = 4.2;
				TARGETED_DEVICE_FAMILY = "1,2";
			};
			name = Release;
		};
/* End XCBuildConfiguration section */

/* Begin XCConfigurationList section */
		7F00DCE420BE3A8E001A2C9E /* Build configuration list for PBXProject "FishRuler" */ = {
			isa = XCConfigurationList;
			buildConfigurations = (
				7F00DCF920BE3AA4001A2C9E /* Debug */,
				7F00DCFA20BE3AA4001A2C9E /* Release */,
			);
			defaultConfigurationIsVisible = 0;
			defaultConfigurationName = Release;
		};
		7F00DCFB20BE3AA4001A2C9E /* Build configuration list for PBXNativeTarget "FishRuler" */ = {
			isa = XCConfigurationList;
			buildConfigurations = (
				7F00DCFC20BE3AA4001A2C9E /* Debug */,
				7F00DCFD20BE3AA4001A2C9E /* Release */,
			);
			defaultConfigurationIsVisible = 0;
			defaultConfigurationName = Release;
		};
/* End XCConfigurationList section */

/* Begin XCVersionGroup section */
		7F6DCDBE20F50819004D22C1 /* Fish_Ruler.xcdatamodeld */ = {
			isa = XCVersionGroup;
			children = (
				7F6DCDBF20F50819004D22C1 /* Fish_Ruler.xcdatamodel */,
			);
			currentVersion = 7F6DCDBF20F50819004D22C1 /* Fish_Ruler.xcdatamodel */;
			path = Fish_Ruler.xcdatamodeld;
			sourceTree = "<group>";
			versionGroupType = wrapper.xcdatamodel;
		};
/* End XCVersionGroup section */
	};
	rootObject = 7F00DCE120BE3A8E001A2C9E /* Project object */;
}
